// !$*UTF8*$!
{
	archiveVersion = 1;
	classes = {
	};
	objectVersion = 56;
	objects = {

/* Begin PBXBuildFile section */
		26297E1E2B7686E100DDCBD8 /* LocationMapAnnotaionView.swift in Sources */ = {isa = PBXBuildFile; fileRef = 26297E1D2B7686E100DDCBD8 /* LocationMapAnnotaionView.swift */; };
		26297E202B76903800DDCBD8 /* LocationDetailView.swift in Sources */ = {isa = PBXBuildFile; fileRef = 26297E1F2B76903800DDCBD8 /* LocationDetailView.swift */; };
		265B23A82A645A75008AB4EB /* LocationsView.swift in Sources */ = {isa = PBXBuildFile; fileRef = 265B23A72A645A75008AB4EB /* LocationsView.swift */; };
		265B23AA2A658A9A008AB4EB /* LocationsViewModel.swift in Sources */ = {isa = PBXBuildFile; fileRef = 265B23A92A658A9A008AB4EB /* LocationsViewModel.swift */; };
		26C62C602A77F463004585E0 /* LocationsListView.swift in Sources */ = {isa = PBXBuildFile; fileRef = 26C62C5F2A77F463004585E0 /* LocationsListView.swift */; };
		26CCE3B72A60592D007E83CA /* BumbelbeeApp.swift in Sources */ = {isa = PBXBuildFile; fileRef = 26CCE3B62A60592D007E83CA /* BumbelbeeApp.swift */; };
		26CCE3B92A60592D007E83CA /* ContentView.swift in Sources */ = {isa = PBXBuildFile; fileRef = 26CCE3B82A60592D007E83CA /* ContentView.swift */; };
		26CCE3BE2A60592E007E83CA /* Preview Assets.xcassets in Resources */ = {isa = PBXBuildFile; fileRef = 26CCE3BD2A60592E007E83CA /* Preview Assets.xcassets */; };
		26CCE3C52A6059F1007E83CA /* Assets.xcassets in Resources */ = {isa = PBXBuildFile; fileRef = 26CCE3C42A6059F1007E83CA /* Assets.xcassets */; };
		26CCE3CA2A605B45007E83CA /* Location.swift in Sources */ = {isa = PBXBuildFile; fileRef = 26CCE3C92A605B45007E83CA /* Location.swift */; };
		26CCE3CD2A618BB0007E83CA /* LocationsDataService.swift in Sources */ = {isa = PBXBuildFile; fileRef = 26CCE3CC2A618BB0007E83CA /* LocationsDataService.swift */; };
		26D9DA992A84E5D900E28CFA /* LocationPreviewView.swift in Sources */ = {isa = PBXBuildFile; fileRef = 26D9DA982A84E5D900E28CFA /* LocationPreviewView.swift */; };
		26E776402B791BAF00AD8457 /* BumbelbeeReadMe.md in Resources */ = {isa = PBXBuildFile; fileRef = 26E7763F2B791BAF00AD8457 /* BumbelbeeReadMe.md */; };
/* End PBXBuildFile section */

/* Begin PBXFileReference section */
		26297E1D2B7686E100DDCBD8 /* LocationMapAnnotaionView.swift */ = {isa = PBXFileReference; lastKnownFileType = sourcecode.swift; path = LocationMapAnnotaionView.swift; sourceTree = "<group>"; };
		26297E1F2B76903800DDCBD8 /* LocationDetailView.swift */ = {isa = PBXFileReference; lastKnownFileType = sourcecode.swift; path = LocationDetailView.swift; sourceTree = "<group>"; };
		26297E212B78B38C00DDCBD8 /* Info.plist */ = {isa = PBXFileReference; lastKnownFileType = text.plist; path = Info.plist; sourceTree = "<group>"; };
		265B23A72A645A75008AB4EB /* LocationsView.swift */ = {isa = PBXFileReference; lastKnownFileType = sourcecode.swift; path = LocationsView.swift; sourceTree = "<group>"; };
		265B23A92A658A9A008AB4EB /* LocationsViewModel.swift */ = {isa = PBXFileReference; lastKnownFileType = sourcecode.swift; path = LocationsViewModel.swift; sourceTree = "<group>"; };
		26C62C5F2A77F463004585E0 /* LocationsListView.swift */ = {isa = PBXFileReference; lastKnownFileType = sourcecode.swift; path = LocationsListView.swift; sourceTree = "<group>"; };
		26CCE3B32A60592D007E83CA /* Bumbelbee.app */ = {isa = PBXFileReference; explicitFileType = wrapper.application; includeInIndex = 0; path = Bumbelbee.app; sourceTree = BUILT_PRODUCTS_DIR; };
		26CCE3B62A60592D007E83CA /* BumbelbeeApp.swift */ = {isa = PBXFileReference; lastKnownFileType = sourcecode.swift; path = BumbelbeeApp.swift; sourceTree = "<group>"; };
		26CCE3B82A60592D007E83CA /* ContentView.swift */ = {isa = PBXFileReference; lastKnownFileType = sourcecode.swift; path = ContentView.swift; sourceTree = "<group>"; };
		26CCE3BD2A60592E007E83CA /* Preview Assets.xcassets */ = {isa = PBXFileReference; lastKnownFileType = folder.assetcatalog; path = "Preview Assets.xcassets"; sourceTree = "<group>"; };
		26CCE3C42A6059F1007E83CA /* Assets.xcassets */ = {isa = PBXFileReference; lastKnownFileType = folder.assetcatalog; path = Assets.xcassets; sourceTree = "<group>"; };
		26CCE3C92A605B45007E83CA /* Location.swift */ = {isa = PBXFileReference; lastKnownFileType = sourcecode.swift; path = Location.swift; sourceTree = "<group>"; };
		26CCE3CC2A618BB0007E83CA /* LocationsDataService.swift */ = {isa = PBXFileReference; fileEncoding = 4; lastKnownFileType = sourcecode.swift; path = LocationsDataService.swift; sourceTree = "<group>"; };
		26D9DA982A84E5D900E28CFA /* LocationPreviewView.swift */ = {isa = PBXFileReference; lastKnownFileType = sourcecode.swift; path = LocationPreviewView.swift; sourceTree = "<group>"; };
		26E7763F2B791BAF00AD8457 /* BumbelbeeReadMe.md */ = {isa = PBXFileReference; fileEncoding = 4; lastKnownFileType = net.daringfireball.markdown; path = BumbelbeeReadMe.md; sourceTree = "<group>"; };
/* End PBXFileReference section */

/* Begin PBXFrameworksBuildPhase section */
		26CCE3B02A60592D007E83CA /* Frameworks */ = {
			isa = PBXFrameworksBuildPhase;
			buildActionMask = 2147483647;
			files = (
			);
			runOnlyForDeploymentPostprocessing = 0;
		};
/* End PBXFrameworksBuildPhase section */

/* Begin PBXGroup section */
		26CCE3AA2A60592D007E83CA = {
			isa = PBXGroup;
			children = (
				26CCE3B52A60592D007E83CA /* Bumbelbee */,
				26CCE3B42A60592D007E83CA /* Products */,
			);
			sourceTree = "<group>";
		};
		26CCE3B42A60592D007E83CA /* Products */ = {
			isa = PBXGroup;
			children = (
				26CCE3B32A60592D007E83CA /* Bumbelbee.app */,
			);
			name = Products;
			sourceTree = "<group>";
		};
		26CCE3B52A60592D007E83CA /* Bumbelbee */ = {
			isa = PBXGroup;
			children = (
				26E7763F2B791BAF00AD8457 /* BumbelbeeReadMe.md */,
				26297E212B78B38C00DDCBD8 /* Info.plist */,
				26CCE3B62A60592D007E83CA /* BumbelbeeApp.swift */,
				26CCE3B82A60592D007E83CA /* ContentView.swift */,
				26CCE3CB2A618B78007E83CA /* DataServices */,
				26CCE3C62A605B02007E83CA /* Models */,
				26CCE3C72A605B0B007E83CA /* Views */,
				26CCE3C82A605B11007E83CA /* ViewModels */,
				26CCE3C42A6059F1007E83CA /* Assets.xcassets */,
				26CCE3BC2A60592E007E83CA /* Preview Content */,
			);
			path = Bumbelbee;
			sourceTree = "<group>";
		};
		26CCE3BC2A60592E007E83CA /* Preview Content */ = {
			isa = PBXGroup;
			children = (
				26CCE3BD2A60592E007E83CA /* Preview Assets.xcassets */,
			);
			path = "Preview Content";
			sourceTree = "<group>";
		};
		26CCE3C62A605B02007E83CA /* Models */ = {
			isa = PBXGroup;
			children = (
				26CCE3C92A605B45007E83CA /* Location.swift */,
			);
			path = Models;
			sourceTree = "<group>";
		};
		26CCE3C72A605B0B007E83CA /* Views */ = {
			isa = PBXGroup;
			children = (
				265B23A72A645A75008AB4EB /* LocationsView.swift */,
				26297E1D2B7686E100DDCBD8 /* LocationMapAnnotaionView.swift */,
				26C62C5F2A77F463004585E0 /* LocationsListView.swift */,
				26297E1F2B76903800DDCBD8 /* LocationDetailView.swift */,
				26D9DA982A84E5D900E28CFA /* LocationPreviewView.swift */,
			);
			path = Views;
			sourceTree = "<group>";
		};
		26CCE3C82A605B11007E83CA /* ViewModels */ = {
			isa = PBXGroup;
			children = (
				265B23A92A658A9A008AB4EB /* LocationsViewModel.swift */,
			);
			path = ViewModels;
			sourceTree = "<group>";
		};
		26CCE3CB2A618B78007E83CA /* DataServices */ = {
			isa = PBXGroup;
			children = (
				26CCE3CC2A618BB0007E83CA /* LocationsDataService.swift */,
			);
			path = DataServices;
			sourceTree = "<group>";
		};
/* End PBXGroup section */

/* Begin PBXNativeTarget section */
		26CCE3B22A60592D007E83CA /* Bumbelbee */ = {
			isa = PBXNativeTarget;
			buildConfigurationList = 26CCE3C12A60592E007E83CA /* Build configuration list for PBXNativeTarget "Bumbelbee" */;
			buildPhases = (
				26CCE3AF2A60592D007E83CA /* Sources */,
				26CCE3B02A60592D007E83CA /* Frameworks */,
				26CCE3B12A60592D007E83CA /* Resources */,
			);
			buildRules = (
			);
			dependencies = (
			);
			name = Bumbelbee;
			productName = Bumbelbee;
			productReference = 26CCE3B32A60592D007E83CA /* Bumbelbee.app */;
			productType = "com.apple.product-type.application";
		};
/* End PBXNativeTarget section */

/* Begin PBXProject section */
		26CCE3AB2A60592D007E83CA /* Project object */ = {
			isa = PBXProject;
			attributes = {
				BuildIndependentTargetsInParallel = 1;
				LastSwiftUpdateCheck = 1430;
				LastUpgradeCheck = 1430;
				TargetAttributes = {
					26CCE3B22A60592D007E83CA = {
						CreatedOnToolsVersion = 14.3.1;
					};
				};
			};
			buildConfigurationList = 26CCE3AE2A60592D007E83CA /* Build configuration list for PBXProject "Bumbelbee" */;
			compatibilityVersion = "Xcode 14.0";
			developmentRegion = en;
			hasScannedForEncodings = 0;
			knownRegions = (
				en,
				Base,
			);
			mainGroup = 26CCE3AA2A60592D007E83CA;
			productRefGroup = 26CCE3B42A60592D007E83CA /* Products */;
			projectDirPath = "";
			projectRoot = "";
			targets = (
				26CCE3B22A60592D007E83CA /* Bumbelbee */,
			);
		};
/* End PBXProject section */

/* Begin PBXResourcesBuildPhase section */
		26CCE3B12A60592D007E83CA /* Resources */ = {
			isa = PBXResourcesBuildPhase;
			buildActionMask = 2147483647;
			files = (
				26CCE3C52A6059F1007E83CA /* Assets.xcassets in Resources */,
				26CCE3BE2A60592E007E83CA /* Preview Assets.xcassets in Resources */,
				26E776402B791BAF00AD8457 /* BumbelbeeReadMe.md in Resources */,
			);
			runOnlyForDeploymentPostprocessing = 0;
		};
/* End PBXResourcesBuildPhase section */

/* Begin PBXSourcesBuildPhase section */
		26CCE3AF2A60592D007E83CA /* Sources */ = {
			isa = PBXSourcesBuildPhase;
			buildActionMask = 2147483647;
			files = (
				26CCE3CD2A618BB0007E83CA /* LocationsDataService.swift in Sources */,
				26C62C602A77F463004585E0 /* LocationsListView.swift in Sources */,
				26D9DA992A84E5D900E28CFA /* LocationPreviewView.swift in Sources */,
				265B23AA2A658A9A008AB4EB /* LocationsViewModel.swift in Sources */,
				26297E1E2B7686E100DDCBD8 /* LocationMapAnnotaionView.swift in Sources */,
				26CCE3B92A60592D007E83CA /* ContentView.swift in Sources */,
				265B23A82A645A75008AB4EB /* LocationsView.swift in Sources */,
				26CCE3CA2A605B45007E83CA /* Location.swift in Sources */,
				26297E202B76903800DDCBD8 /* LocationDetailView.swift in Sources */,
				26CCE3B72A60592D007E83CA /* BumbelbeeApp.swift in Sources */,
			);
			runOnlyForDeploymentPostprocessing = 0;
		};
/* End PBXSourcesBuildPhase section */

/* Begin XCBuildConfiguration section */
		26CCE3BF2A60592E007E83CA /* Debug */ = {
			isa = XCBuildConfiguration;
			buildSettings = {
				ALWAYS_SEARCH_USER_PATHS = NO;
				CLANG_ANALYZER_NONNULL = YES;
				CLANG_ANALYZER_NUMBER_OBJECT_CONVERSION = YES_AGGRESSIVE;
				CLANG_CXX_LANGUAGE_STANDARD = "gnu++20";
				CLANG_ENABLE_MODULES = YES;
				CLANG_ENABLE_OBJC_ARC = YES;
				CLANG_ENABLE_OBJC_WEAK = YES;
				CLANG_WARN_BLOCK_CAPTURE_AUTORELEASING = YES;
				CLANG_WARN_BOOL_CONVERSION = YES;
				CLANG_WARN_COMMA = YES;
				CLANG_WARN_CONSTANT_CONVERSION = YES;
				CLANG_WARN_DEPRECATED_OBJC_IMPLEMENTATIONS = YES;
				CLANG_WARN_DIRECT_OBJC_ISA_USAGE = YES_ERROR;
				CLANG_WARN_DOCUMENTATION_COMMENTS = YES;
				CLANG_WARN_EMPTY_BODY = YES;
				CLANG_WARN_ENUM_CONVERSION = YES;
				CLANG_WARN_INFINITE_RECURSION = YES;
				CLANG_WARN_INT_CONVERSION = YES;
				CLANG_WARN_NON_LITERAL_NULL_CONVERSION = YES;
				CLANG_WARN_OBJC_IMPLICIT_RETAIN_SELF = YES;
				CLANG_WARN_OBJC_LITERAL_CONVERSION = YES;
				CLANG_WARN_OBJC_ROOT_CLASS = YES_ERROR;
				CLANG_WARN_QUOTED_INCLUDE_IN_FRAMEWORK_HEADER = YES;
				CLANG_WARN_RANGE_LOOP_ANALYSIS = YES;
				CLANG_WARN_STRICT_PROTOTYPES = YES;
				CLANG_WARN_SUSPICIOUS_MOVE = YES;
				CLANG_WARN_UNGUARDED_AVAILABILITY = YES_AGGRESSIVE;
				CLANG_WARN_UNREACHABLE_CODE = YES;
				CLANG_WARN__DUPLICATE_METHOD_MATCH = YES;
				COPY_PHASE_STRIP = NO;
				DEBUG_INFORMATION_FORMAT = dwarf;
				ENABLE_STRICT_OBJC_MSGSEND = YES;
				ENABLE_TESTABILITY = YES;
				GCC_C_LANGUAGE_STANDARD = gnu11;
				GCC_DYNAMIC_NO_PIC = NO;
				GCC_NO_COMMON_BLOCKS = YES;
				GCC_OPTIMIZATION_LEVEL = 0;
				GCC_PREPROCESSOR_DEFINITIONS = (
					"DEBUG=1",
					"$(inherited)",
				);
				GCC_WARN_64_TO_32_BIT_CONVERSION = YES;
				GCC_WARN_ABOUT_RETURN_TYPE = YES_ERROR;
				GCC_WARN_UNDECLARED_SELECTOR = YES;
				GCC_WARN_UNINITIALIZED_AUTOS = YES_AGGRESSIVE;
				GCC_WARN_UNUSED_FUNCTION = YES;
				GCC_WARN_UNUSED_VARIABLE = YES;
				IPHONEOS_DEPLOYMENT_TARGET = 16.4;
				MTL_ENABLE_DEBUG_INFO = INCLUDE_SOURCE;
				MTL_FAST_MATH = YES;
				ONLY_ACTIVE_ARCH = YES;
				SDKROOT = iphoneos;
				SWIFT_ACTIVE_COMPILATION_CONDITIONS = DEBUG;
				SWIFT_OPTIMIZATION_LEVEL = "-Onone";
			};
			name = Debug;
		};
		26CCE3C02A60592E007E83CA /* Release */ = {
			isa = XCBuildConfiguration;
			buildSettings = {
				ALWAYS_SEARCH_USER_PATHS = NO;
				CLANG_ANALYZER_NONNULL = YES;
				CLANG_ANALYZER_NUMBER_OBJECT_CONVERSION = YES_AGGRESSIVE;
				CLANG_CXX_LANGUAGE_STANDARD = "gnu++20";
				CLANG_ENABLE_MODULES = YES;
				CLANG_ENABLE_OBJC_ARC = YES;
				CLANG_ENABLE_OBJC_WEAK = YES;
				CLANG_WARN_BLOCK_CAPTURE_AUTORELEASING = YES;
				CLANG_WARN_BOOL_CONVERSION = YES;
				CLANG_WARN_COMMA = YES;
				CLANG_WARN_CONSTANT_CONVERSION = YES;
				CLANG_WARN_DEPRECATED_OBJC_IMPLEMENTATIONS = YES;
				CLANG_WARN_DIRECT_OBJC_ISA_USAGE = YES_ERROR;
				CLANG_WARN_DOCUMENTATION_COMMENTS = YES;
				CLANG_WARN_EMPTY_BODY = YES;
				CLANG_WARN_ENUM_CONVERSION = YES;
				CLANG_WARN_INFINITE_RECURSION = YES;
				CLANG_WARN_INT_CONVERSION = YES;
				CLANG_WARN_NON_LITERAL_NULL_CONVERSION = YES;
				CLANG_WARN_OBJC_IMPLICIT_RETAIN_SELF = YES;
				CLANG_WARN_OBJC_LITERAL_CONVERSION = YES;
				CLANG_WARN_OBJC_ROOT_CLASS = YES_ERROR;
				CLANG_WARN_QUOTED_INCLUDE_IN_FRAMEWORK_HEADER = YES;
				CLANG_WARN_RANGE_LOOP_ANALYSIS = YES;
				CLANG_WARN_STRICT_PROTOTYPES = YES;
				CLANG_WARN_SUSPICIOUS_MOVE = YES;
				CLANG_WARN_UNGUARDED_AVAILABILITY = YES_AGGRESSIVE;
				CLANG_WARN_UNREACHABLE_CODE = YES;
				CLANG_WARN__DUPLICATE_METHOD_MATCH = YES;
				COPY_PHASE_STRIP = NO;
				DEBUG_INFORMATION_FORMAT = "dwarf-with-dsym";
				ENABLE_NS_ASSERTIONS = NO;
				ENABLE_STRICT_OBJC_MSGSEND = YES;
				GCC_C_LANGUAGE_STANDARD = gnu11;
				GCC_NO_COMMON_BLOCKS = YES;
				GCC_WARN_64_TO_32_BIT_CONVERSION = YES;
				GCC_WARN_ABOUT_RETURN_TYPE = YES_ERROR;
				GCC_WARN_UNDECLARED_SELECTOR = YES;
				GCC_WARN_UNINITIALIZED_AUTOS = YES_AGGRESSIVE;
				GCC_WARN_UNUSED_FUNCTION = YES;
				GCC_WARN_UNUSED_VARIABLE = YES;
				IPHONEOS_DEPLOYMENT_TARGET = 16.4;
				MTL_ENABLE_DEBUG_INFO = NO;
				MTL_FAST_MATH = YES;
				SDKROOT = iphoneos;
				SWIFT_COMPILATION_MODE = wholemodule;
				SWIFT_OPTIMIZATION_LEVEL = "-O";
				VALIDATE_PRODUCT = YES;
			};
			name = Release;
		};
		26CCE3C22A60592E007E83CA /* Debug */ = {
			isa = XCBuildConfiguration;
			buildSettings = {
				ASSETCATALOG_COMPILER_APPICON_NAME = "AppIcon-2";
				ASSETCATALOG_COMPILER_GLOBAL_ACCENT_COLOR_NAME = AccentColor;
				ASSETCATALOG_COMPILER_INCLUDE_ALL_APPICON_ASSETS = YES;
				CODE_SIGN_STYLE = Automatic;
				CURRENT_PROJECT_VERSION = 1;
				DEVELOPMENT_ASSET_PATHS = "\"Bumbelbee/Preview Content\"";
				DEVELOPMENT_TEAM = XS698GX5LA;
				ENABLE_PREVIEWS = YES;
				GENERATE_INFOPLIST_FILE = YES;
				INFOPLIST_FILE = Bumbelbee/Info.plist;
				INFOPLIST_KEY_UIApplicationSceneManifest_Generation = YES;
				INFOPLIST_KEY_UIApplicationSupportsIndirectInputEvents = YES;
				INFOPLIST_KEY_UISupportedInterfaceOrientations = UIInterfaceOrientationPortrait;
				INFOPLIST_KEY_UISupportedInterfaceOrientations_iPad = "UIInterfaceOrientationLandscapeLeft UIInterfaceOrientationLandscapeRight UIInterfaceOrientationPortrait UIInterfaceOrientationPortraitUpsideDown";
				LD_RUNPATH_SEARCH_PATHS = (
					"$(inherited)",
					"@executable_path/Frameworks",
				);
				MARKETING_VERSION = 1.0;
				PRODUCT_BUNDLE_IDENTIFIER = com.alvi.Bumbelbee;
				PRODUCT_NAME = "$(TARGET_NAME)";
				SWIFT_EMIT_LOC_STRINGS = YES;
				SWIFT_VERSION = 5.0;
				TARGETED_DEVICE_FAMILY = "1,2";
			};
			name = Debug;
		};
		26CCE3C32A60592E007E83CA /* Release */ = {
			isa = XCBuildConfiguration;
			buildSettings = {
				ASSETCATALOG_COMPILER_APPICON_NAME = "AppIcon-2";
				ASSETCATALOG_COMPILER_GLOBAL_ACCENT_COLOR_NAME = AccentColor;
				ASSETCATALOG_COMPILER_INCLUDE_ALL_APPICON_ASSETS = YES;
				CODE_SIGN_STYLE = Automatic;
				CURRENT_PROJECT_VERSION = 1;
				DEVELOPMENT_ASSET_PATHS = "\"Bumbelbee/Preview Content\"";
				DEVELOPMENT_TEAM = XS698GX5LA;
				ENABLE_PREVIEWS = YES;
				GENERATE_INFOPLIST_FILE = YES;
				INFOPLIST_FILE = Bumbelbee/Info.plist;
				INFOPLIST_KEY_UIApplicationSceneManifest_Generation = YES;
				INFOPLIST_KEY_UIApplicationSupportsIndirectInputEvents = YES;
				INFOPLIST_KEY_UISupportedInterfaceOrientations = UIInterfaceOrientationPortrait;
				INFOPLIST_KEY_UISupportedInterfaceOrientations_iPad = "UIInterfaceOrientationLandscapeLeft UIInterfaceOrientationLandscapeRight UIInterfaceOrientationPortrait UIInterfaceOrientationPortraitUpsideDown";
				LD_RUNPATH_SEARCH_PATHS = (
					"$(inherited)",
					"@executable_path/Frameworks",
				);
				MARKETING_VERSION = 1.0;
				PRODUCT_BUNDLE_IDENTIFIER = com.alvi.Bumbelbee;
				PRODUCT_NAME = "$(TARGET_NAME)";
				SWIFT_EMIT_LOC_STRINGS = YES;
				SWIFT_VERSION = 5.0;
				TARGETED_DEVICE_FAMILY = "1,2";
			};
			name = Release;
		};
/* End XCBuildConfiguration section */

/* Begin XCConfigurationList section */
		26CCE3AE2A60592D007E83CA /* Build configuration list for PBXProject "Bumbelbee" */ = {
			isa = XCConfigurationList;
			buildConfigurations = (
				26CCE3BF2A60592E007E83CA /* Debug */,
				26CCE3C02A60592E007E83CA /* Release */,
			);
			defaultConfigurationIsVisible = 0;
			defaultConfigurationName = Release;
		};
		26CCE3C12A60592E007E83CA /* Build configuration list for PBXNativeTarget "Bumbelbee" */ = {
			isa = XCConfigurationList;
			buildConfigurations = (
				26CCE3C22A60592E007E83CA /* Debug */,
				26CCE3C32A60592E007E83CA /* Release */,
			);
			defaultConfigurationIsVisible = 0;
			defaultConfigurationName = Release;
		};
/* End XCConfigurationList section */
	};
	rootObject = 26CCE3AB2A60592D007E83CA /* Project object */;
}
